
Microsoft Visual Studio Solution File, Format Version 12.00
# Visual Studio Version 17
VisualStudioVersion = 17.13.35825.156 d17.13
MinimumVisualStudioVersion = 10.0.40219.1
Project("{FAE04EC0-301F-11D3-BF4B-00C04F79EFBC}") = "GUI", "GUI.csproj", "{DB61AE9D-D8D7-4CCD-8499-56DC58250269}"
EndProject
Project("{FAE04EC0-301F-11D3-BF4B-00C04F79EFBC}") = "BLL", "..\BLL\BLL.csproj", "{E7B66ABA-ED21-4335-9519-D14E441B30AB}"
EndProject
Project("{FAE04EC0-301F-11D3-BF4B-00C04F79EFBC}") = "DAL", "..\DAL\DAL.csproj", "{53019579-589E-47FF-BCCE-C05B34935044}"
EndProject
Global
	GlobalSection(SolutionConfigurationPlatforms) = preSolution
		Debug|Any CPU = Debug|Any CPU
		Release|Any CPU = Release|Any CPU
	EndGlobalSection
	GlobalSection(ProjectConfigurationPlatforms) = postSolution
		{DB61AE9D-D8D7-4CCD-8499-56DC58250269}.Debug|Any CPU.ActiveCfg = Debug|Any CPU
		{DB61AE9D-D8D7-4CCD-8499-56DC58250269}.Debug|Any CPU.Build.0 = Debug|Any CPU
		{DB61AE9D-D8D7-4CCD-8499-56DC58250269}.Release|Any CPU.ActiveCfg = Release|Any CPU
		{DB61AE9D-D8D7-4CCD-8499-56DC58250269}.Release|Any CPU.Build.0 = Release|Any CPU
		{E7B66ABA-ED21-4335-9519-D14E441B30AB}.Debug|Any CPU.ActiveCfg = Debug|Any CPU
		{E7B66ABA-ED21-4335-9519-D14E441B30AB}.Debug|Any CPU.Build.0 = Debug|Any CPU
		{E7B66ABA-ED21-4335-9519-D14E441B30AB}.Release|Any CPU.ActiveCfg = Release|Any CPU
		{E7B66ABA-ED21-4335-9519-D14E441B30AB}.Release|Any CPU.Build.0 = Release|Any CPU
		{53019579-589E-47FF-BCCE-C05B34935044}.Debug|Any CPU.ActiveCfg = Debug|Any CPU
		{53019579-589E-47FF-BCCE-C05B34935044}.Debug|Any CPU.Build.0 = Debug|Any CPU
		{53019579-589E-47FF-BCCE-C05B34935044}.Release|Any CPU.ActiveCfg = Release|Any CPU
		{53019579-589E-47FF-BCCE-C05B34935044}.Release|Any CPU.Build.0 = Release|Any CPU
	EndGlobalSection
	GlobalSection(SolutionProperties) = preSolution
		HideSolutionNode = FALSE
	EndGlobalSection
	GlobalSection(ExtensibilityGlobals) = postSolution
		SolutionGuid = {E0214A7F-54A8-4A76-8E8C-7A1DAF847AFA}
	EndGlobalSection
EndGlobal
