
Microsoft Visual Studio Solution File, Format Version 12.00
# Visual Studio Version 17
VisualStudioVersion = 17.13.35825.156
MinimumVisualStudioVersion = 10.0.40219.1
Project("{FAE04EC0-301F-11D3-BF4B-00C04F79EFBC}") = "GUI", "GUI.csproj", "{DB61AE9D-D8D7-4CCD-8499-56DC58250269}"
EndProject
Project("{FAE04EC0-301F-11D3-BF4B-00C04F79EFBC}") = "DAL", "DAL\DAL.csproj", "{B228F7F8-7C29-402A-AB4A-7B0F550E726B}"
EndProject
Project("{FAE04EC0-301F-11D3-BF4B-00C04F79EFBC}") = "BLL", "BLL\BLL.csproj", "{762AAC92-B957-4734-88D1-0DA06AACC9AB}"
EndProject
Global
	GlobalSection(SolutionConfigurationPlatforms) = preSolution
		Debug|Any CPU = Debug|Any CPU
		Release|Any CPU = Release|Any CPU
	EndGlobalSection
	GlobalSection(ProjectConfigurationPlatforms) = postSolution
		{DB61AE9D-D8D7-4CCD-8499-56DC58250269}.Debug|Any CPU.ActiveCfg = Debug|Any CPU
		{DB61AE9D-D8D7-4CCD-8499-56DC58250269}.Debug|Any CPU.Build.0 = Debug|Any CPU
		{DB61AE9D-D8D7-4CCD-8499-56DC58250269}.Release|Any CPU.ActiveCfg = Release|Any CPU
		{DB61AE9D-D8D7-4CCD-8499-56DC58250269}.Release|Any CPU.Build.0 = Release|Any CPU
		{B228F7F8-7C29-402A-AB4A-7B0F550E726B}.Debug|Any CPU.ActiveCfg = Debug|Any CPU
		{B228F7F8-7C29-402A-AB4A-7B0F550E726B}.Debug|Any CPU.Build.0 = Debug|Any CPU
		{B228F7F8-7C29-402A-AB4A-7B0F550E726B}.Release|Any CPU.ActiveCfg = Release|Any CPU
		{B228F7F8-7C29-402A-AB4A-7B0F550E726B}.Release|Any CPU.Build.0 = Release|Any CPU
		{762AAC92-B957-4734-88D1-0DA06AACC9AB}.Debug|Any CPU.ActiveCfg = Debug|Any CPU
		{762AAC92-B957-4734-88D1-0DA06AACC9AB}.Debug|Any CPU.Build.0 = Debug|Any CPU
		{762AAC92-B957-4734-88D1-0DA06AACC9AB}.Release|Any CPU.ActiveCfg = Release|Any CPU
		{762AAC92-B957-4734-88D1-0DA06AACC9AB}.Release|Any CPU.Build.0 = Release|Any CPU
	EndGlobalSection
	GlobalSection(SolutionProperties) = preSolution
		HideSolutionNode = FALSE
	EndGlobalSection
	GlobalSection(ExtensibilityGlobals) = postSolution
		SolutionGuid = {E0214A7F-54A8-4A76-8E8C-7A1DAF847AFA}
	EndGlobalSection
EndGlobal
